version: 2.0
shards:
  backtracer:
    git: https://github.com/sija/backtracer.cr.git
    version: 1.2.1

  db:
    git: https://github.com/crystal-lang/crystal-db.git
    version: 0.10.1

  exception_page:
    git: https://github.com/crystal-loot/exception_page.git
    version: 0.2.1

  host_meta:
    git: https://github.com/toddsundsted/host_meta.git
    version: 0.2.3

  kemal:
    git: https://github.com/kemalcr/kemal.git
    version: 1.1.0

  kilt:
    git: https://github.com/jeromegn/kilt.git
    version: 0.6.1

  libxml_ext:
    git: https://github.com/toddsundsted/libxml_ext.git
    version: 0.1.2

  openssl_ext:
    git: https://github.com/toddsundsted/openssl_ext.git
    version: 0.1.4

  radix:
    git: https://github.com/luislavena/radix.git
    version: 0.4.1

  slang:
    git: https://github.com/toddsundsted/slang.git
    version: 1.7.1+git.commit.64bc795c3d940dd0fa921173970d07c73d6bace0

  spectator:
    git: https://gitlab.com/arctic-fox/spectator.git
    version: 0.10.3

  sqlite3:
    git: https://github.com/crystal-lang/crystal-sqlite3.git
    version: 0.18.0

  web_finger:
    git: https://github.com/toddsundsted/web_finger.git
    version: 0.2.4

