version: 2.0
shards:
  backtracer:
    git: https://github.com/sija/backtracer.cr.git
    version: 1.2.2

  db:
    git: https://github.com/crystal-lang/crystal-db.git
    version: 0.12.0

  exception_page:
    git: https://github.com/crystal-loot/exception_page.git
    version: 0.3.0

  host_meta:
    git: https://github.com/toddsundsted/host_meta.git
    version: 0.2.3

  kemal:
    git: https://github.com/kemalcr/kemal.git
    version: 1.3.0

  libxml_ext:
    git: https://github.com/toddsundsted/libxml_ext.git
    version: 0.1.2

  markd:
    git: https://github.com/icyleaf/markd.git
    version: 0.5.0

  openssl_ext:
    git: https://github.com/toddsundsted/openssl_ext.git
    version: 0.1.6

  radix:
    git: https://github.com/luislavena/radix.git
    version: 0.4.1

  school:
    git: https://github.com/toddsundsted/school.git
    version: 0.2.4

  slang:
    git: https://github.com/toddsundsted/slang.git
    version: 1.7.1+git.commit.4f10ecd93070b4996a40f8f0679cf903d6f62898

  spectator:
    git: https://gitlab.com/arctic-fox/spectator.git
    version: 0.11.7

  sqlite3:
    git: https://github.com/crystal-lang/crystal-sqlite3.git
    version: 0.20.0

  web_finger:
    git: https://github.com/toddsundsted/web_finger.git
    version: 0.2.4

